
Microsoft Visual Studio Solution File, Format Version 12.00
# Visual Studio 15
Project("{FAE04EC0-301F-11D3-BF4B-00C04F79EFBC}") = "DevHub", "DevHub\DevHub.csproj", "{F6CCAF6D-A8CF-49C7-BD3F-52C266EE85CD}"
EndProject
Project("{FAE04EC0-301F-11D3-BF4B-00C04F79EFBC}") = "DevHub.Tests", "DevHub.Tests\DevHub.Tests.csproj", "{7C8E4AAE-3C88-4823-A539-960E8A74C2FE}"
EndProject
Global
	GlobalSection(SolutionConfigurationPlatforms) = preSolution
		Debug|Any CPU = Debug|Any CPU
		Release|Any CPU = Release|Any CPU
	EndGlobalSection
	GlobalSection(ProjectConfigurationPlatforms) = postSolution
		{F6CCAF6D-A8CF-49C7-BD3F-52C266EE85CD}.Debug|Any CPU.ActiveCfg = Debug|Any CPU
		{F6CCAF6D-A8CF-49C7-BD3F-52C266EE85CD}.Debug|Any CPU.Build.0 = Debug|Any CPU
		{F6CCAF6D-A8CF-49C7-BD3F-52C266EE85CD}.Release|Any CPU.ActiveCfg = Release|Any CPU
		{F6CCAF6D-A8CF-49C7-BD3F-52C266EE85CD}.Release|Any CPU.Build.0 = Release|Any CPU
		{7C8E4AAE-3C88-4823-A539-960E8A74C2FE}.Debug|Any CPU.ActiveCfg = Debug|Any CPU
		{7C8E4AAE-3C88-4823-A539-960E8A74C2FE}.Debug|Any CPU.Build.0 = Debug|Any CPU
		{7C8E4AAE-3C88-4823-A539-960E8A74C2FE}.Release|Any CPU.ActiveCfg = Release|Any CPU
		{7C8E4AAE-3C88-4823-A539-960E8A74C2FE}.Release|Any CPU.Build.0 = Release|Any CPU
	EndGlobalSection
EndGlobal
